
Microsoft Visual Studio Solution File, Format Version 12.00
# Visual Studio Version 17
VisualStudioVersion = 17.2.32616.157
MinimumVisualStudioVersion = 10.0.40219.1
Project("{FAE04EC0-301F-11D3-BF4B-00C04F79EFBC}") = "ConsoleApp1", "ConsoleApp1\ConsoleApp1.csproj", "{8C86E174-4659-4D85-A0F4-84EFCBEFCD00}"
EndProject
Project("{FAE04EC0-301F-11D3-BF4B-00C04F79EFBC}") = "FigureTest", "FigureTest\FigureTest.csproj", "{1710734B-07EB-4D30-B23A-D7DF3AB0CF38}"
EndProject
Global
	GlobalSection(SolutionConfigurationPlatforms) = preSolution
		Debug|Any CPU = Debug|Any CPU
		Release|Any CPU = Release|Any CPU
	EndGlobalSection
	GlobalSection(ProjectConfigurationPlatforms) = postSolution
		{8C86E174-4659-4D85-A0F4-84EFCBEFCD00}.Debug|Any CPU.ActiveCfg = Debug|Any CPU
		{8C86E174-4659-4D85-A0F4-84EFCBEFCD00}.Debug|Any CPU.Build.0 = Debug|Any CPU
		{8C86E174-4659-4D85-A0F4-84EFCBEFCD00}.Release|Any CPU.ActiveCfg = Release|Any CPU
		{8C86E174-4659-4D85-A0F4-84EFCBEFCD00}.Release|Any CPU.Build.0 = Release|Any CPU
		{1710734B-07EB-4D30-B23A-D7DF3AB0CF38}.Debug|Any CPU.ActiveCfg = Debug|Any CPU
		{1710734B-07EB-4D30-B23A-D7DF3AB0CF38}.Debug|Any CPU.Build.0 = Debug|Any CPU
		{1710734B-07EB-4D30-B23A-D7DF3AB0CF38}.Release|Any CPU.ActiveCfg = Release|Any CPU
		{1710734B-07EB-4D30-B23A-D7DF3AB0CF38}.Release|Any CPU.Build.0 = Release|Any CPU
	EndGlobalSection
	GlobalSection(SolutionProperties) = preSolution
		HideSolutionNode = FALSE
	EndGlobalSection
	GlobalSection(ExtensibilityGlobals) = postSolution
		SolutionGuid = {55A3D290-D602-45F6-A94A-3CE974740867}
	EndGlobalSection
EndGlobal
